
Microsoft Visual Studio Solution File, Format Version 12.00
# Visual Studio Version 17
VisualStudioVersion = 17.12.35707.178 d17.12
MinimumVisualStudioVersion = 10.0.40219.1
Project("{FAE04EC0-301F-11D3-BF4B-00C04F79EFBC}") = "TCalculator.WinUI", "TCalculator.WinUI\TCalculator.WinUI.csproj", "{036853F0-0810-48D8-B8A1-5FB898F34042}"
EndProject
Project("{FAE04EC0-301F-11D3-BF4B-00C04F79EFBC}") = "TCalculator.WPF", "TCalculator.WPF\TCalculator.WPF.csproj", "{A5D57158-8205-44DB-B15E-9F80F15B40FB}"
EndProject
Project("{FAE04EC0-301F-11D3-BF4B-00C04F79EFBC}") = "TCalculator.ViewModels", "TCalculator.ViewModels\TCalculator.ViewModels.csproj", "{3206B9F4-23F8-4C0C-BE8F-00190A035D4E}"
EndProject
Project("{2150E333-8FDC-42A3-9474-1A3956D46DE8}") = "src", "src", "{4F977725-4A9D-4564-A757-7FD75BB7C8FA}"
EndProject
Project("{2150E333-8FDC-42A3-9474-1A3956D46DE8}") = "test", "test", "{D6FE6CB9-5F8A-4159-9C45-A885B06B4DC9}"
EndProject
Project("{FAE04EC0-301F-11D3-BF4B-00C04F79EFBC}") = "TCalculator.MSTest.WinUI", "TCalculator.MSTest.WinUI\TCalculator.MSTest.WinUI.csproj", "{D024BE5D-DB36-4712-9164-8F2FB670BF89}"
EndProject
Global
	GlobalSection(SolutionConfigurationPlatforms) = preSolution
		Debug|ARM64 = Debug|ARM64
		Debug|x64 = Debug|x64
		Debug|x86 = Debug|x86
		Release|ARM64 = Release|ARM64
		Release|x64 = Release|x64
		Release|x86 = Release|x86
	EndGlobalSection
	GlobalSection(ProjectConfigurationPlatforms) = postSolution
		{036853F0-0810-48D8-B8A1-5FB898F34042}.Debug|ARM64.ActiveCfg = Debug|ARM64
		{036853F0-0810-48D8-B8A1-5FB898F34042}.Debug|ARM64.Build.0 = Debug|ARM64
		{036853F0-0810-48D8-B8A1-5FB898F34042}.Debug|ARM64.Deploy.0 = Debug|ARM64
		{036853F0-0810-48D8-B8A1-5FB898F34042}.Debug|x64.ActiveCfg = Debug|x64
		{036853F0-0810-48D8-B8A1-5FB898F34042}.Debug|x64.Build.0 = Debug|x64
		{036853F0-0810-48D8-B8A1-5FB898F34042}.Debug|x64.Deploy.0 = Debug|x64
		{036853F0-0810-48D8-B8A1-5FB898F34042}.Debug|x86.ActiveCfg = Debug|x86
		{036853F0-0810-48D8-B8A1-5FB898F34042}.Debug|x86.Build.0 = Debug|x86
		{036853F0-0810-48D8-B8A1-5FB898F34042}.Debug|x86.Deploy.0 = Debug|x86
		{036853F0-0810-48D8-B8A1-5FB898F34042}.Release|ARM64.ActiveCfg = Release|ARM64
		{036853F0-0810-48D8-B8A1-5FB898F34042}.Release|ARM64.Build.0 = Release|ARM64
		{036853F0-0810-48D8-B8A1-5FB898F34042}.Release|ARM64.Deploy.0 = Release|ARM64
		{036853F0-0810-48D8-B8A1-5FB898F34042}.Release|x64.ActiveCfg = Release|x64
		{036853F0-0810-48D8-B8A1-5FB898F34042}.Release|x64.Build.0 = Release|x64
		{036853F0-0810-48D8-B8A1-5FB898F34042}.Release|x64.Deploy.0 = Release|x64
		{036853F0-0810-48D8-B8A1-5FB898F34042}.Release|x86.ActiveCfg = Release|x86
		{036853F0-0810-48D8-B8A1-5FB898F34042}.Release|x86.Build.0 = Release|x86
		{036853F0-0810-48D8-B8A1-5FB898F34042}.Release|x86.Deploy.0 = Release|x86
		{A5D57158-8205-44DB-B15E-9F80F15B40FB}.Debug|ARM64.ActiveCfg = Debug|Any CPU
		{A5D57158-8205-44DB-B15E-9F80F15B40FB}.Debug|ARM64.Build.0 = Debug|Any CPU
		{A5D57158-8205-44DB-B15E-9F80F15B40FB}.Debug|x64.ActiveCfg = Debug|Any CPU
		{A5D57158-8205-44DB-B15E-9F80F15B40FB}.Debug|x64.Build.0 = Debug|Any CPU
		{A5D57158-8205-44DB-B15E-9F80F15B40FB}.Debug|x86.ActiveCfg = Debug|Any CPU
		{A5D57158-8205-44DB-B15E-9F80F15B40FB}.Debug|x86.Build.0 = Debug|Any CPU
		{A5D57158-8205-44DB-B15E-9F80F15B40FB}.Release|ARM64.ActiveCfg = Release|Any CPU
		{A5D57158-8205-44DB-B15E-9F80F15B40FB}.Release|ARM64.Build.0 = Release|Any CPU
		{A5D57158-8205-44DB-B15E-9F80F15B40FB}.Release|x64.ActiveCfg = Release|Any CPU
		{A5D57158-8205-44DB-B15E-9F80F15B40FB}.Release|x64.Build.0 = Release|Any CPU
		{A5D57158-8205-44DB-B15E-9F80F15B40FB}.Release|x86.ActiveCfg = Release|Any CPU
		{A5D57158-8205-44DB-B15E-9F80F15B40FB}.Release|x86.Build.0 = Release|Any CPU
		{3206B9F4-23F8-4C0C-BE8F-00190A035D4E}.Debug|ARM64.ActiveCfg = Debug|Any CPU
		{3206B9F4-23F8-4C0C-BE8F-00190A035D4E}.Debug|ARM64.Build.0 = Debug|Any CPU
		{3206B9F4-23F8-4C0C-BE8F-00190A035D4E}.Debug|x64.ActiveCfg = Debug|Any CPU
		{3206B9F4-23F8-4C0C-BE8F-00190A035D4E}.Debug|x64.Build.0 = Debug|Any CPU
		{3206B9F4-23F8-4C0C-BE8F-00190A035D4E}.Debug|x86.ActiveCfg = Debug|Any CPU
		{3206B9F4-23F8-4C0C-BE8F-00190A035D4E}.Debug|x86.Build.0 = Debug|Any CPU
		{3206B9F4-23F8-4C0C-BE8F-00190A035D4E}.Release|ARM64.ActiveCfg = Release|Any CPU
		{3206B9F4-23F8-4C0C-BE8F-00190A035D4E}.Release|ARM64.Build.0 = Release|Any CPU
		{3206B9F4-23F8-4C0C-BE8F-00190A035D4E}.Release|x64.ActiveCfg = Release|Any CPU
		{3206B9F4-23F8-4C0C-BE8F-00190A035D4E}.Release|x64.Build.0 = Release|Any CPU
		{3206B9F4-23F8-4C0C-BE8F-00190A035D4E}.Release|x86.ActiveCfg = Release|Any CPU
		{3206B9F4-23F8-4C0C-BE8F-00190A035D4E}.Release|x86.Build.0 = Release|Any CPU
		{D024BE5D-DB36-4712-9164-8F2FB670BF89}.Debug|ARM64.ActiveCfg = Debug|ARM64
		{D024BE5D-DB36-4712-9164-8F2FB670BF89}.Debug|ARM64.Build.0 = Debug|ARM64
		{D024BE5D-DB36-4712-9164-8F2FB670BF89}.Debug|ARM64.Deploy.0 = Debug|ARM64
		{D024BE5D-DB36-4712-9164-8F2FB670BF89}.Debug|x64.ActiveCfg = Debug|x64
		{D024BE5D-DB36-4712-9164-8F2FB670BF89}.Debug|x64.Build.0 = Debug|x64
		{D024BE5D-DB36-4712-9164-8F2FB670BF89}.Debug|x64.Deploy.0 = Debug|x64
		{D024BE5D-DB36-4712-9164-8F2FB670BF89}.Debug|x86.ActiveCfg = Debug|x86
		{D024BE5D-DB36-4712-9164-8F2FB670BF89}.Debug|x86.Build.0 = Debug|x86
		{D024BE5D-DB36-4712-9164-8F2FB670BF89}.Debug|x86.Deploy.0 = Debug|x86
		{D024BE5D-DB36-4712-9164-8F2FB670BF89}.Release|ARM64.ActiveCfg = Release|ARM64
		{D024BE5D-DB36-4712-9164-8F2FB670BF89}.Release|ARM64.Build.0 = Release|ARM64
		{D024BE5D-DB36-4712-9164-8F2FB670BF89}.Release|ARM64.Deploy.0 = Release|ARM64
		{D024BE5D-DB36-4712-9164-8F2FB670BF89}.Release|x64.ActiveCfg = Release|x64
		{D024BE5D-DB36-4712-9164-8F2FB670BF89}.Release|x64.Build.0 = Release|x64
		{D024BE5D-DB36-4712-9164-8F2FB670BF89}.Release|x64.Deploy.0 = Release|x64
		{D024BE5D-DB36-4712-9164-8F2FB670BF89}.Release|x86.ActiveCfg = Release|x86
		{D024BE5D-DB36-4712-9164-8F2FB670BF89}.Release|x86.Build.0 = Release|x86
		{D024BE5D-DB36-4712-9164-8F2FB670BF89}.Release|x86.Deploy.0 = Release|x86
	EndGlobalSection
	GlobalSection(SolutionProperties) = preSolution
		HideSolutionNode = FALSE
	EndGlobalSection
	GlobalSection(NestedProjects) = preSolution
		{036853F0-0810-48D8-B8A1-5FB898F34042} = {4F977725-4A9D-4564-A757-7FD75BB7C8FA}
		{A5D57158-8205-44DB-B15E-9F80F15B40FB} = {4F977725-4A9D-4564-A757-7FD75BB7C8FA}
		{3206B9F4-23F8-4C0C-BE8F-00190A035D4E} = {4F977725-4A9D-4564-A757-7FD75BB7C8FA}
		{D024BE5D-DB36-4712-9164-8F2FB670BF89} = {D6FE6CB9-5F8A-4159-9C45-A885B06B4DC9}
	EndGlobalSection
EndGlobal
